Microsoft Visual Studio Solution File, Format Version 12.00
# Visual Studio Version 16
VisualStudioVersion = 16.0.30621.155
MinimumVisualStudioVersion = 15.0.26124.0
Project("{9A19103F-16F7-4668-BE54-9A1E7A4F7556}") = "EmsApi.Dto", "Dto\EmsApi.Dto.csproj", "{E0A42A36-E89C-4C33-820B-135921B36D71}"
EndProject
Project("{9A19103F-16F7-4668-BE54-9A1E7A4F7556}") = "EmsApi.Client", "Client\EmsApi.Client.csproj", "{06131482-9BEA-4CB5-A837-1A5021B3A225}"
EndProject
Project("{9A19103F-16F7-4668-BE54-9A1E7A4F7556}") = "EmsApi.Tests", "Tests\EmsApi.Tests.csproj", "{7AD7AD51-F35A-4464-93AA-38C389261EE6}"
EndProject
Project("{2150E333-8FDC-42A3-9474-1A3956D46DE8}") = "Solution Items", "Solution Items", "{BDD10313-BAB9-4C28-BB19-1D1DF6DA5DE3}"
	ProjectSection(SolutionItems) = preProject
		..\.editorconfig = ..\.editorconfig
		..\.gitignore = ..\.gitignore
		..\azure-pipelines.yml = ..\azure-pipelines.yml
		..\Dockerfile = ..\Dockerfile
	EndProjectSection
EndProject
Global
	GlobalSection(SolutionConfigurationPlatforms) = preSolution
		Debug|Any CPU = Debug|Any CPU
		Debug|x64 = Debug|x64
		Debug|x86 = Debug|x86
		Release|Any CPU = Release|Any CPU
		Release|x64 = Release|x64
		Release|x86 = Release|x86
	EndGlobalSection
	GlobalSection(ProjectConfigurationPlatforms) = postSolution
		{E0A42A36-E89C-4C33-820B-135921B36D71}.Debug|Any CPU.ActiveCfg = Debug|Any CPU
		{E0A42A36-E89C-4C33-820B-135921B36D71}.Debug|Any CPU.Build.0 = Debug|Any CPU
		{E0A42A36-E89C-4C33-820B-135921B36D71}.Debug|x64.ActiveCfg = Debug|Any CPU
		{E0A42A36-E89C-4C33-820B-135921B36D71}.Debug|x64.Build.0 = Debug|Any CPU
		{E0A42A36-E89C-4C33-820B-135921B36D71}.Debug|x86.ActiveCfg = Debug|Any CPU
		{E0A42A36-E89C-4C33-820B-135921B36D71}.Debug|x86.Build.0 = Debug|Any CPU
		{E0A42A36-E89C-4C33-820B-135921B36D71}.Release|Any CPU.ActiveCfg = Release|Any CPU
		{E0A42A36-E89C-4C33-820B-135921B36D71}.Release|Any CPU.Build.0 = Release|Any CPU
		{E0A42A36-E89C-4C33-820B-135921B36D71}.Release|x64.ActiveCfg = Release|Any CPU
		{E0A42A36-E89C-4C33-820B-135921B36D71}.Release|x64.Build.0 = Release|Any CPU
		{E0A42A36-E89C-4C33-820B-135921B36D71}.Release|x86.ActiveCfg = Release|Any CPU
		{E0A42A36-E89C-4C33-820B-135921B36D71}.Release|x86.Build.0 = Release|Any CPU
		{06131482-9BEA-4CB5-A837-1A5021B3A225}.Debug|Any CPU.ActiveCfg = Debug|Any CPU
		{06131482-9BEA-4CB5-A837-1A5021B3A225}.Debug|Any CPU.Build.0 = Debug|Any CPU
		{06131482-9BEA-4CB5-A837-1A5021B3A225}.Debug|x64.ActiveCfg = Debug|Any CPU
		{06131482-9BEA-4CB5-A837-1A5021B3A225}.Debug|x64.Build.0 = Debug|Any CPU
		{06131482-9BEA-4CB5-A837-1A5021B3A225}.Debug|x86.ActiveCfg = Debug|Any CPU
		{06131482-9BEA-4CB5-A837-1A5021B3A225}.Debug|x86.Build.0 = Debug|Any CPU
		{06131482-9BEA-4CB5-A837-1A5021B3A225}.Release|Any CPU.ActiveCfg = Release|Any CPU
		{06131482-9BEA-4CB5-A837-1A5021B3A225}.Release|Any CPU.Build.0 = Release|Any CPU
		{06131482-9BEA-4CB5-A837-1A5021B3A225}.Release|x64.ActiveCfg = Release|Any CPU
		{06131482-9BEA-4CB5-A837-1A5021B3A225}.Release|x64.Build.0 = Release|Any CPU
		{06131482-9BEA-4CB5-A837-1A5021B3A225}.Release|x86.ActiveCfg = Release|Any CPU
		{06131482-9BEA-4CB5-A837-1A5021B3A225}.Release|x86.Build.0 = Release|Any CPU
		{7AD7AD51-F35A-4464-93AA-38C389261EE6}.Debug|Any CPU.ActiveCfg = Debug|Any CPU
		{7AD7AD51-F35A-4464-93AA-38C389261EE6}.Debug|Any CPU.Build.0 = Debug|Any CPU
		{7AD7AD51-F35A-4464-93AA-38C389261EE6}.Debug|x64.ActiveCfg = Debug|Any CPU
		{7AD7AD51-F35A-4464-93AA-38C389261EE6}.Debug|x64.Build.0 = Debug|Any CPU
		{7AD7AD51-F35A-4464-93AA-38C389261EE6}.Debug|x86.ActiveCfg = Debug|Any CPU
		{7AD7AD51-F35A-4464-93AA-38C389261EE6}.Debug|x86.Build.0 = Debug|Any CPU
		{7AD7AD51-F35A-4464-93AA-38C389261EE6}.Release|Any CPU.ActiveCfg = Release|Any CPU
		{7AD7AD51-F35A-4464-93AA-38C389261EE6}.Release|Any CPU.Build.0 = Release|Any CPU
		{7AD7AD51-F35A-4464-93AA-38C389261EE6}.Release|x64.ActiveCfg = Release|Any CPU
		{7AD7AD51-F35A-4464-93AA-38C389261EE6}.Release|x64.Build.0 = Release|Any CPU
		{7AD7AD51-F35A-4464-93AA-38C389261EE6}.Release|x86.ActiveCfg = Release|Any CPU
		{7AD7AD51-F35A-4464-93AA-38C389261EE6}.Release|x86.Build.0 = Release|Any CPU
	EndGlobalSection
	GlobalSection(SolutionProperties) = preSolution
		HideSolutionNode = FALSE
	EndGlobalSection
	GlobalSection(ExtensibilityGlobals) = postSolution
		SolutionGuid = {703D928F-62B1-42C2-827F-B87037AD62E4}
	EndGlobalSection
EndGlobal
